
Microsoft Visual Studio Solution File, Format Version 12.00
# Visual Studio Version 17
VisualStudioVersion = 17.1.32319.34
MinimumVisualStudioVersion = 10.0.40219.1
Project("{FAE04EC0-301F-11D3-BF4B-00C04F79EFBC}") = "GestoreEventi", "GestoreEventi\GestoreEventi.csproj", "{61C1EE78-5F5E-4092-8EB7-0F1314A85245}"
EndProject
Global
	GlobalSection(SolutionConfigurationPlatforms) = preSolution
		Debug|Any CPU = Debug|Any CPU
		Release|Any CPU = Release|Any CPU
	EndGlobalSection
	GlobalSection(ProjectConfigurationPlatforms) = postSolution
		{61C1EE78-5F5E-4092-8EB7-0F1314A85245}.Debug|Any CPU.ActiveCfg = Debug|Any CPU
		{61C1EE78-5F5E-4092-8EB7-0F1314A85245}.Debug|Any CPU.Build.0 = Debug|Any CPU
		{61C1EE78-5F5E-4092-8EB7-0F1314A85245}.Release|Any CPU.ActiveCfg = Release|Any CPU
		{61C1EE78-5F5E-4092-8EB7-0F1314A85245}.Release|Any CPU.Build.0 = Release|Any CPU
	EndGlobalSection
	GlobalSection(SolutionProperties) = preSolution
		HideSolutionNode = FALSE
	EndGlobalSection
	GlobalSection(ExtensibilityGlobals) = postSolution
		SolutionGuid = {57664C0D-35E5-4A14-B74F-EF8BE5BC0950}
	EndGlobalSection
EndGlobal
